// !$*UTF8*$!
{
	archiveVersion = 1;
	classes = {
	};
	objectVersion = 46;
	objects = {

/* Begin PBXBuildFile section */
		1221E1C11D49D87B006FA2E0 /* AppDelegate.swift in Sources */ = {isa = PBXBuildFile; fileRef = 1221E1C01D49D87B006FA2E0 /* AppDelegate.swift */; };
		1221E1C31D49D87B006FA2E0 /* ViewController.swift in Sources */ = {isa = PBXBuildFile; fileRef = 1221E1C21D49D87B006FA2E0 /* ViewController.swift */; };
		1221E1C61D49D87B006FA2E0 /* Main.storyboard in Resources */ = {isa = PBXBuildFile; fileRef = 1221E1C41D49D87B006FA2E0 /* Main.storyboard */; };
		1221E1C81D49D87B006FA2E0 /* Assets.xcassets in Resources */ = {isa = PBXBuildFile; fileRef = 1221E1C71D49D87B006FA2E0 /* Assets.xcassets */; };
		1221E1CB1D49D87B006FA2E0 /* LaunchScreen.storyboard in Resources */ = {isa = PBXBuildFile; fileRef = 1221E1C91D49D87B006FA2E0 /* LaunchScreen.storyboard */; };
/* End PBXBuildFile section */

/* Begin PBXFileReference section */
		1221E1BD1D49D87B006FA2E0 /* tryIt.app */ = {isa = PBXFileReference; explicitFileType = wrapper.application; includeInIndex = 0; path = tryIt.app; sourceTree = BUILT_PRODUCTS_DIR; };
		1221E1C01D49D87B006FA2E0 /* AppDelegate.swift */ = {isa = PBXFileReference; lastKnownFileType = sourcecode.swift; path = AppDelegate.swift; sourceTree = "<group>"; };
		1221E1C21D49D87B006FA2E0 /* ViewController.swift */ = {isa = PBXFileReference; lastKnownFileType = sourcecode.swift; path = ViewController.swift; sourceTree = "<group>"; };
		1221E1C51D49D87B006FA2E0 /* Base */ = {isa = PBXFileReference; lastKnownFileType = file.storyboard; name = Base; path = Base.lproj/Main.storyboard; sourceTree = "<group>"; };
		1221E1C71D49D87B006FA2E0 /* Assets.xcassets */ = {isa = PBXFileReference; lastKnownFileType = folder.assetcatalog; path = Assets.xcassets; sourceTree = "<group>"; };
		1221E1CA1D49D87B006FA2E0 /* Base */ = {isa = PBXFileReference; lastKnownFileType = file.storyboard; name = Base; path = Base.lproj/LaunchScreen.storyboard; sourceTree = "<group>"; };
		1221E1CC1D49D87B006FA2E0 /* Info.plist */ = {isa = PBXFileReference; lastKnownFileType = text.plist.xml; path = Info.plist; sourceTree = "<group>"; };
/* End PBXFileReference section */

/* Begin PBXFrameworksBuildPhase section */
		1221E1BA1D49D87B006FA2E0 /* Frameworks */ = {
			isa = PBXFrameworksBuildPhase;
			buildActionMask = 2147483647;
			files = (
			);
			runOnlyForDeploymentPostprocessing = 0;
		};
/* End PBXFrameworksBuildPhase section */

/* Begin PBXGroup section */
		1221E1B41D49D87B006FA2E0 = {
			isa = PBXGroup;
			children = (
				1221E1BF1D49D87B006FA2E0 /* tryIt */,
				1221E1BE1D49D87B006FA2E0 /* Products */,
			);
			sourceTree = "<group>";
		};
		1221E1BE1D49D87B006FA2E0 /* Products */ = {
			isa = PBXGroup;
			children = (
				1221E1BD1D49D87B006FA2E0 /* tryIt.app */,
			);
			name = Products;
			sourceTree = "<group>";
		};
		1221E1BF1D49D87B006FA2E0 /* tryIt */ = {
			isa = PBXGroup;
			children = (
				1221E1C01D49D87B006FA2E0 /* AppDelegate.swift */,
				1221E1C21D49D87B006FA2E0 /* ViewController.swift */,
				1221E1C41D49D87B006FA2E0 /* Main.storyboard */,
				1221E1C71D49D87B006FA2E0 /* Assets.xcassets */,
				1221E1C91D49D87B006FA2E0 /* LaunchScreen.storyboard */,
				1221E1CC1D49D87B006FA2E0 /* Info.plist */,
			);
			path = tryIt;
			sourceTree = "<group>";
		};
/* End PBXGroup section */

/* Begin PBXNativeTarget section */
		1221E1BC1D49D87B006FA2E0 /* tryIt */ = {
			isa = PBXNativeTarget;
			buildConfigurationList = 1221E1CF1D49D87B006FA2E0 /* Build configuration list for PBXNativeTarget "tryIt" */;
			buildPhases = (
				1221E1B91D49D87B006FA2E0 /* Sources */,
				1221E1BA1D49D87B006FA2E0 /* Frameworks */,
				1221E1BB1D49D87B006FA2E0 /* Resources */,
			);
			buildRules = (
			);
			dependencies = (
			);
			name = tryIt;
			productName = tryIt;
			productReference = 1221E1BD1D49D87B006FA2E0 /* tryIt.app */;
			productType = "com.apple.product-type.application";
		};
/* End PBXNativeTarget section */

/* Begin PBXProject section */
		1221E1B51D49D87B006FA2E0 /* Project object */ = {
			isa = PBXProject;
			attributes = {
				LastSwiftUpdateCheck = 0730;
				LastUpgradeCheck = 0730;
				ORGANIZATIONNAME = "Jeshal Mehta";
				TargetAttributes = {
					1221E1BC1D49D87B006FA2E0 = {
						CreatedOnToolsVersion = 7.3;
					};
				};
			};
			buildConfigurationList = 1221E1B81D49D87B006FA2E0 /* Build configuration list for PBXProject "tryIt" */;
			compatibilityVersion = "Xcode 3.2";
			developmentRegion = English;
			hasScannedForEncodings = 0;
			knownRegions = (
				en,
				Base,
			);
			mainGroup = 1221E1B41D49D87B006FA2E0;
			productRefGroup = 1221E1BE1D49D87B006FA2E0 /* Products */;
			projectDirPath = "";
			projectRoot = "";
			targets = (
				1221E1BC1D49D87B006FA2E0 /* tryIt */,
			);
		};
/* End PBXProject section */

/* Begin PBXResourcesBuildPhase section */
		1221E1BB1D49D87B006FA2E0 /* Resources */ = {
			isa = PBXResourcesBuildPhase;
			buildActionMask = 2147483647;
			files = (
				1221E1CB1D49D87B006FA2E0 /* LaunchScreen.storyboard in Resources */,
				1221E1C81D49D87B006FA2E0 /* Assets.xcassets in Resources */,
				1221E1C61D49D87B006FA2E0 /* Main.storyboard in Resources */,
			);
			runOnlyForDeploymentPostprocessing = 0;
		};
/* End PBXResourcesBuildPhase section */

/* Begin PBXSourcesBuildPhase section */
		1221E1B91D49D87B006FA2E0 /* Sources */ = {
			isa = PBXSourcesBuildPhase;
			buildActionMask = 2147483647;
			files = (
				1221E1C31D49D87B006FA2E0 /* ViewController.swift in Sources */,
				1221E1C11D49D87B006FA2E0 /* AppDelegate.swift in Sources */,
			);
			runOnlyForDeploymentPostprocessing = 0;
		};
/* End PBXSourcesBuildPhase section */

/* Begin PBXVariantGroup section */
		1221E1C41D49D87B006FA2E0 /* Main.storyboard */ = {
			isa = PBXVariantGroup;
			children = (
				1221E1C51D49D87B006FA2E0 /* Base */,
			);
			name = Main.storyboard;
			sourceTree = "<group>";
		};
		1221E1C91D49D87B006FA2E0 /* LaunchScreen.storyboard */ = {
			isa = PBXVariantGroup;
			children = (
				1221E1CA1D49D87B006FA2E0 /* Base */,
			);
			name = LaunchScreen.storyboard;
			sourceTree = "<group>";
		};
/* End PBXVariantGroup section */

/* Begin XCBuildConfiguration section */
		1221E1CD1D49D87B006FA2E0 /* Debug */ = {
			isa = XCBuildConfiguration;
			buildSettings = {
				ALWAYS_SEARCH_USER_PATHS = NO;
				CLANG_ANALYZER_NONNULL = YES;
				CLANG_CXX_LANGUAGE_STANDARD = "gnu++0x";
				CLANG_CXX_LIBRARY = "libc++";
				CLANG_ENABLE_MODULES = YES;
				CLANG_ENABLE_OBJC_ARC = YES;
				CLANG_WARN_BOOL_CONVERSION = YES;
				CLANG_WARN_CONSTANT_CONVERSION = YES;
				CLANG_WARN_DIRECT_OBJC_ISA_USAGE = YES_ERROR;
				CLANG_WARN_EMPTY_BODY = YES;
				CLANG_WARN_ENUM_CONVERSION = YES;
				CLANG_WARN_INT_CONVERSION = YES;
				CLANG_WARN_OBJC_ROOT_CLASS = YES_ERROR;
				CLANG_WARN_UNREACHABLE_CODE = YES;
				CLANG_WARN__DUPLICATE_METHOD_MATCH = YES;
				"CODE_SIGN_IDENTITY[sdk=iphoneos*]" = "iPhone Developer";
				COPY_PHASE_STRIP = NO;
				DEBUG_INFORMATION_FORMAT = dwarf;
				ENABLE_STRICT_OBJC_MSGSEND = YES;
				ENABLE_TESTABILITY = YES;
				GCC_C_LANGUAGE_STANDARD = gnu99;
				GCC_DYNAMIC_NO_PIC = NO;
				GCC_NO_COMMON_BLOCKS = YES;
				GCC_OPTIMIZATION_LEVEL = 0;
				GCC_PREPROCESSOR_DEFINITIONS = (
					"DEBUG=1",
					"$(inherited)",
				);
				GCC_WARN_64_TO_32_BIT_CONVERSION = YES;
				GCC_WARN_ABOUT_RETURN_TYPE = YES_ERROR;
				GCC_WARN_UNDECLARED_SELECTOR = YES;
				GCC_WARN_UNINITIALIZED_AUTOS = YES_AGGRESSIVE;
				GCC_WARN_UNUSED_FUNCTION = YES;
				GCC_WARN_UNUSED_VARIABLE = YES;
				IPHONEOS_DEPLOYMENT_TARGET = 9.3;
				MTL_ENABLE_DEBUG_INFO = YES;
				ONLY_ACTIVE_ARCH = YES;
				SDKROOT = iphoneos;
				SWIFT_OPTIMIZATION_LEVEL = "-Onone";
			};
			name = Debug;
		};
		1221E1CE1D49D87B006FA2E0 /* Release */ = {
			isa = XCBuildConfiguration;
			buildSettings = {
				ALWAYS_SEARCH_USER_PATHS = NO;
				CLANG_ANALYZER_NONNULL = YES;
				CLANG_CXX_LANGUAGE_STANDARD = "gnu++0x";
				CLANG_CXX_LIBRARY = "libc++";
				CLANG_ENABLE_MODULES = YES;
				CLANG_ENABLE_OBJC_ARC = YES;
				CLANG_WARN_BOOL_CONVERSION = YES;
				CLANG_WARN_CONSTANT_CONVERSION = YES;
				CLANG_WARN_DIRECT_OBJC_ISA_USAGE = YES_ERROR;
				CLANG_WARN_EMPTY_BODY = YES;
				CLANG_WARN_ENUM_CONVERSION = YES;
				CLANG_WARN_INT_CONVERSION = YES;
				CLANG_WARN_OBJC_ROOT_CLASS = YES_ERROR;
				CLANG_WARN_UNREACHABLE_CODE = YES;
				CLANG_WARN__DUPLICATE_METHOD_MATCH = YES;
				"CODE_SIGN_IDENTITY[sdk=iphoneos*]" = "iPhone Developer";
				COPY_PHASE_STRIP = NO;
				DEBUG_INFORMATION_FORMAT = "dwarf-with-dsym";
				ENABLE_NS_ASSERTIONS = NO;
				ENABLE_STRICT_OBJC_MSGSEND = YES;
				GCC_C_LANGUAGE_STANDARD = gnu99;
				GCC_NO_COMMON_BLOCKS = YES;
				GCC_WARN_64_TO_32_BIT_CONVERSION = YES;
				GCC_WARN_ABOUT_RETURN_TYPE = YES_ERROR;
				GCC_WARN_UNDECLARED_SELECTOR = YES;
				GCC_WARN_UNINITIALIZED_AUTOS = YES_AGGRESSIVE;
				GCC_WARN_UNUSED_FUNCTION = YES;
				GCC_WARN_UNUSED_VARIABLE = YES;
				IPHONEOS_DEPLOYMENT_TARGET = 9.3;
				MTL_ENABLE_DEBUG_INFO = NO;
				SDKROOT = iphoneos;
				VALIDATE_PRODUCT = YES;
			};
			name = Release;
		};
		1221E1D01D49D87B006FA2E0 /* Debug */ = {
			isa = XCBuildConfiguration;
			buildSettings = {
				ASSETCATALOG_COMPILER_APPICON_NAME = AppIcon;
				INFOPLIST_FILE = tryIt/Info.plist;
				LD_RUNPATH_SEARCH_PATHS = "$(inherited) @executable_path/Frameworks";
				PRODUCT_BUNDLE_IDENTIFIER = com.onemonth.tryIt;
				PRODUCT_NAME = "$(TARGET_NAME)";
			};
			name = Debug;
		};
		1221E1D11D49D87B006FA2E0 /* Release */ = {
			isa = XCBuildConfiguration;
			buildSettings = {
				ASSETCATALOG_COMPILER_APPICON_NAME = AppIcon;
				INFOPLIST_FILE = tryIt/Info.plist;
				LD_RUNPATH_SEARCH_PATHS = "$(inherited) @executable_path/Frameworks";
				PRODUCT_BUNDLE_IDENTIFIER = com.onemonth.tryIt;
				PRODUCT_NAME = "$(TARGET_NAME)";
			};
			name = Release;
		};
/* End XCBuildConfiguration section */

/* Begin XCConfigurationList section */
		1221E1B81D49D87B006FA2E0 /* Build configuration list for PBXProject "tryIt" */ = {
			isa = XCConfigurationList;
			buildConfigurations = (
				1221E1CD1D49D87B006FA2E0 /* Debug */,
				1221E1CE1D49D87B006FA2E0 /* Release */,
			);
			defaultConfigurationIsVisible = 0;
			defaultConfigurationName = Release;
		};
		1221E1CF1D49D87B006FA2E0 /* Build configuration list for PBXNativeTarget "tryIt" */ = {
			isa = XCConfigurationList;
			buildConfigurations = (
				1221E1D01D49D87B006FA2E0 /* Debug */,
				1221E1D11D49D87B006FA2E0 /* Release */,
			);
			defaultConfigurationIsVisible = 0;
		};
/* End XCConfigurationList section */
	};
	rootObject = 1221E1B51D49D87B006FA2E0 /* Project object */;
}
